{
  "version": 4,
  "terraform_version": "1.5.2",
  "serial": 27,
  "lineage": "9f62469e-e479-c5ed-e7b0-756bf32e9d2d",
  "outputs": {},
  "resources": [
    {
      "mode": "managed",
      "type": "azurerm_linux_virtual_machine",
      "name": "quiz-vm",
      "provider": "provider[\"registry.terraform.io/hashicorp/azurerm\"]",
      "instances": [
        {
          "schema_version": 0,
          "attributes": {
            "additional_capabilities": [],
            "admin_password": null,
            "admin_ssh_key": [
              {
                "public_key": "ssh-rsa AAAAB3NzaC1yc2EAAAADAQABAAABgQC7Ht8xXLLihlEYte9enbhor3JKhUeBCBTnz1Waep8qUQtEGWCl5sfjf7jnT3iCk8biaw0bsIiXejL31QIvl85EPNc6QyiP7m30+q6Z+Pm6NWDwOoxNAzLg/W8Wp7Ta/wsFYLFatzPW3kFANVqt0S/10YoZfFaqMFbPDDbtqow9scdD7nuitiPR9wiWkYh7rglCFOSO0VFWAgvv//lq2Nw8pCHz4/5ka8u+2qPU09qsPPd4mUoha0rvdrcIND/WWQ/g2sdLxsR5Y+MuVnpasDN1C6hh0fUx7fldiLtcTr2mF662aaSVA5+9wJLbtsturUe0wd4qFUug33Oss/zxnsmHBJTmfOvE3z4qTMB+oRDpBxMO/AoKhxU3sLdggZFFyqUQaHsGNh+wanS2nXbPEOhd2/hdcP4xACAbonKPTn0TAm5Exw6MByWajC4rW8h0QuQE9Uuvyx3Z1aCKNEuoifTuXOjfeRQsj4zhjtq4dmsqwN01PshwVFKYvH3I9Kk44Ok= user@Terrys-Laptop\r\n",
                "username": "adminuser"
              }
            ],
            "admin_username": "adminuser",
            "allow_extension_operations": true,
            "availability_set_id": "",
            "boot_diagnostics": [],
            "computer_name": "quiz-vm",
            "custom_data": "IyEvYmluL2Jhc2gNCg0KIyBVcGRhdGUgcGFja2FnZSBsaXN0cyBhbmQgdXBncmFkZSBpbnN0YWxsZWQgcGFja2FnZXMNCnN1ZG8gYXB0LWdldCB1cGRhdGUgLXkgJiYNCg0KIyBJbnN0YWxsIHJlcXVpcmVkIHBhY2thZ2VzIGZvciBhY2Nlc3NpbmcgSFRUUFMgcmVwb3NpdG9yaWVzIGFuZCBiYXNpYyB1dGlsaXRpZXMNCnN1ZG8gYXB0LWdldCBpbnN0YWxsIC15IFwNCmFwdC10cmFuc3BvcnQtaHR0cHMgXA0KY2EtY2VydGlmaWNhdGVzIFwNCmN1cmwgXA0KZ251cGctYWdlbnQgXA0Kc29mdHdhcmUtcHJvcGVydGllcy1jb21tb24gJiYNCg0KIyBEb3dubG9hZCBEb2NrZXIncyBvZmZpY2lhbCBHUEcga2V5IGFuZCBhZGQgaXQgdG8gdGhlIHN5c3RlbQ0KY3VybCAtZnNTTCBodHRwczovL2Rvd25sb2FkLmRvY2tlci5jb20vbGludXgvdWJ1bnR1L2dwZyB8IHN1ZG8gYXB0LWtleSBhZGQgLSAmJg0KDQojIEFkZCBEb2NrZXIncyBvZmZpY2lhbCByZXBvc2l0b3J5IHRvIHRoZSBwYWNrYWdlIG1hbmFnZXIncyBzb3VyY2VzIGxpc3QNCnN1ZG8gYWRkLWFwdC1yZXBvc2l0b3J5ICJkZWIgW2FyY2gtYW1kNjRdIGh0dHBzOi8vZG93bmxvYWQuZG9ja2VyLmNvbS9saW51eC91YnVudHUgJChsc2JfcmVsZWFzZSAtY3MpIHN0YWJsZSIgJiYNCg0KIyBVcGRhdGUgcGFja2FnZSBsaXN0cyBhZ2FpbiBhZnRlciBhZGRpbmcgdGhlIERvY2tlciByZXBvc2l0b3J5DQpzdWRvIGFwdC1nZXQgdXBkYXRlIC15ICYmDQoNCiMgSW5zdGFsbCBEb2NrZXIgQ0UsIERvY2tlciBDTEksIGFuZCBjb250YWluZXJkLmlvIHBhY2thZ2VzDQpzdWRvIHN1ZG8gYXB0LWdldCBpbnN0YWxsIGRvY2tlciBkb2NrZXItY2UgZG9ja2VyLWNlLWNsaSBjb250YWluZXJkLmlvIC15ICYmDQoNCiMgSW5zdGFsbCBQeXRob24gYW5kIHBpcA0Kc3VkbyBhcHQtZ2V0IGluc3RhbGwgLXkgcHl0aG9uMyBweXRob24zLXBpcCAmJg0KDQojIEFkZCB0aGUgInVidW50dSIgdXNlciB0byB0aGUgImRvY2tlciIgZ3JvdXAgZm9yIERvY2tlciBhY2Nlc3MNCnN1ZG8gdXNlcm1vZCAtYUcgZG9ja2VyIHVidW50dQ==",
            "dedicated_host_group_id": "",
            "dedicated_host_id": "",
            "disable_password_authentication": true,
            "edge_zone": "",
            "encryption_at_host_enabled": false,
            "eviction_policy": "",
            "extensions_time_budget": "PT1H30M",
            "id": "/subscriptions/8ce04bc6-9751-4f3f-910c-ff2bcecc5689/resourceGroups/quiz-resources/providers/Microsoft.Compute/virtualMachines/quiz-vm",
            "identity": [],
            "license_type": "",
            "location": "eastasia",
            "max_bid_price": -1,
            "name": "quiz-vm",
            "network_interface_ids": [
              "/subscriptions/8ce04bc6-9751-4f3f-910c-ff2bcecc5689/resourceGroups/quiz-resources/providers/Microsoft.Network/networkInterfaces/quiz-nic"
            ],
            "os_disk": [
              {
                "caching": "ReadWrite",
                "diff_disk_settings": [],
                "disk_encryption_set_id": "",
                "disk_size_gb": 30,
                "name": "quiz-vm_OsDisk_1_fc746a84398244b7b2296a6733554f3d",
                "storage_account_type": "Standard_LRS",
                "write_accelerator_enabled": false
              }
            ],
            "patch_mode": "ImageDefault",
            "plan": [],
            "platform_fault_domain": -1,
            "priority": "Regular",
            "private_ip_address": "10.123.1.4",
            "private_ip_addresses": [
              "10.123.1.4"
            ],
            "provision_vm_agent": true,
            "proximity_placement_group_id": "",
            "public_ip_address": "20.24.196.47",
            "public_ip_addresses": [
              "20.24.196.47"
            ],
            "resource_group_name": "quiz-resources",
            "secret": [],
            "secure_boot_enabled": false,
            "size": "Standard_B1s",
            "source_image_id": "",
            "source_image_reference": [
              {
                "offer": "0001-com-ubuntu-server-focal",
                "publisher": "canonical",
                "sku": "20_04-lts",
                "version": "latest"
              }
            ],
            "tags": {
              "environment": "dev"
            },
            "termination_notification": null,
            "timeouts": null,
            "user_data": "",
            "virtual_machine_id": "c7803dea-c470-4a5c-9842-7f9b78d1045f",
            "virtual_machine_scale_set_id": "",
            "vtpm_enabled": false,
            "zone": ""
          },
          "sensitive_attributes": [],
          "private": "eyJlMmJmYjczMC1lY2FhLTExZTYtOGY4OC0zNDM2M2JjN2M0YzAiOnsiY3JlYXRlIjoyNzAwMDAwMDAwMDAwLCJkZWxldGUiOjI3MDAwMDAwMDAwMDAsInJlYWQiOjMwMDAwMDAwMDAwMCwidXBkYXRlIjoyNzAwMDAwMDAwMDAwfX0=",
          "dependencies": [
            "azurerm_network_interface.quiz-nic",
            "azurerm_resource_group.quiz-rg"
          ]
        }
      ]
    },
    {
      "mode": "managed",
      "type": "azurerm_network_interface",
      "name": "quiz-nic",
      "provider": "provider[\"registry.terraform.io/hashicorp/azurerm\"]",
      "instances": [
        {
          "schema_version": 0,
          "attributes": {
            "applied_dns_servers": [],
            "dns_servers": [],
            "edge_zone": "",
            "enable_accelerated_networking": false,
            "enable_ip_forwarding": false,
            "id": "/subscriptions/8ce04bc6-9751-4f3f-910c-ff2bcecc5689/resourceGroups/quiz-resources/providers/Microsoft.Network/networkInterfaces/quiz-nic",
            "internal_dns_name_label": "",
            "internal_domain_name_suffix": "eg0lsgz5tizexodg1fcdr5zc5b.hx.internal.cloudapp.net",
            "ip_configuration": [
              {
                "gateway_load_balancer_frontend_ip_configuration_id": "",
                "name": "internal",
                "primary": true,
                "private_ip_address": "10.123.1.4",
                "private_ip_address_allocation": "Dynamic",
                "private_ip_address_version": "IPv4",
                "public_ip_address_id": "/subscriptions/8ce04bc6-9751-4f3f-910c-ff2bcecc5689/resourceGroups/quiz-resources/providers/Microsoft.Network/publicIPAddresses/quiz-ip",
                "subnet_id": "/subscriptions/8ce04bc6-9751-4f3f-910c-ff2bcecc5689/resourceGroups/quiz-resources/providers/Microsoft.Network/virtualNetworks/quiz-network/subnets/quiz-subnet"
              }
            ],
            "location": "eastasia",
            "mac_address": "00-0D-3A-81-18-C4",
            "name": "quiz-nic",
            "private_ip_address": "10.123.1.4",
            "private_ip_addresses": [
              "10.123.1.4"
            ],
            "resource_group_name": "quiz-resources",
            "tags": {
              "environment": "dev"
            },
            "timeouts": null,
            "virtual_machine_id": "/subscriptions/8ce04bc6-9751-4f3f-910c-ff2bcecc5689/resourceGroups/quiz-resources/providers/Microsoft.Compute/virtualMachines/quiz-vm"
          },
          "sensitive_attributes": [],
          "private": "eyJlMmJmYjczMC1lY2FhLTExZTYtOGY4OC0zNDM2M2JjN2M0YzAiOnsiY3JlYXRlIjoxODAwMDAwMDAwMDAwLCJkZWxldGUiOjE4MDAwMDAwMDAwMDAsInJlYWQiOjMwMDAwMDAwMDAwMCwidXBkYXRlIjoxODAwMDAwMDAwMDAwfX0=",
          "dependencies": [
            "azurerm_public_ip.quiz-ip",
            "azurerm_resource_group.quiz-rg",
            "azurerm_subnet.quiz-subnet",
            "azurerm_virtual_network.quiz-vn"
          ]
        }
      ]
    },
    {
      "mode": "managed",
      "type": "azurerm_network_security_group",
      "name": "quiz-sg",
      "provider": "provider[\"registry.terraform.io/hashicorp/azurerm\"]",
      "instances": [
        {
          "schema_version": 0,
          "attributes": {
            "id": "/subscriptions/8ce04bc6-9751-4f3f-910c-ff2bcecc5689/resourceGroups/quiz-resources/providers/Microsoft.Network/networkSecurityGroups/quiz-sg",
            "location": "eastasia",
            "name": "quiz-sg",
            "resource_group_name": "quiz-resources",
            "security_rule": [
              {
                "access": "Allow",
                "description": "",
                "destination_address_prefix": "*",
                "destination_address_prefixes": [],
                "destination_application_security_group_ids": [],
                "destination_port_range": "*",
                "destination_port_ranges": [],
                "direction": "Inbound",
                "name": "quiz-dev-rule",
                "priority": 100,
                "protocol": "*",
                "source_address_prefix": "*",
                "source_address_prefixes": [],
                "source_application_security_group_ids": [],
                "source_port_range": "*",
                "source_port_ranges": []
              }
            ],
            "tags": {
              "environment": "dev"
            },
            "timeouts": null
          },
          "sensitive_attributes": [],
          "private": "eyJlMmJmYjczMC1lY2FhLTExZTYtOGY4OC0zNDM2M2JjN2M0YzAiOnsiY3JlYXRlIjoxODAwMDAwMDAwMDAwLCJkZWxldGUiOjE4MDAwMDAwMDAwMDAsInJlYWQiOjMwMDAwMDAwMDAwMCwidXBkYXRlIjoxODAwMDAwMDAwMDAwfX0=",
          "dependencies": [
            "azurerm_resource_group.quiz-rg"
          ]
        }
      ]
    },
    {
      "mode": "managed",
      "type": "azurerm_network_security_rule",
      "name": "quiz-dev-rule",
      "provider": "provider[\"registry.terraform.io/hashicorp/azurerm\"]",
      "instances": [
        {
          "schema_version": 0,
          "attributes": {
            "access": "Allow",
            "description": "",
            "destination_address_prefix": "*",
            "destination_address_prefixes": [],
            "destination_application_security_group_ids": [],
            "destination_port_range": "*",
            "destination_port_ranges": [],
            "direction": "Inbound",
            "id": "/subscriptions/8ce04bc6-9751-4f3f-910c-ff2bcecc5689/resourceGroups/quiz-resources/providers/Microsoft.Network/networkSecurityGroups/quiz-sg/securityRules/quiz-dev-rule",
            "name": "quiz-dev-rule",
            "network_security_group_name": "quiz-sg",
            "priority": 100,
            "protocol": "*",
            "resource_group_name": "quiz-resources",
            "source_address_prefix": "*",
            "source_address_prefixes": [],
            "source_application_security_group_ids": [],
            "source_port_range": "*",
            "source_port_ranges": [],
            "timeouts": null
          },
          "sensitive_attributes": [],
          "private": "eyJlMmJmYjczMC1lY2FhLTExZTYtOGY4OC0zNDM2M2JjN2M0YzAiOnsiY3JlYXRlIjoxODAwMDAwMDAwMDAwLCJkZWxldGUiOjE4MDAwMDAwMDAwMDAsInJlYWQiOjMwMDAwMDAwMDAwMCwidXBkYXRlIjoxODAwMDAwMDAwMDAwfX0=",
          "dependencies": [
            "azurerm_network_security_group.quiz-sg",
            "azurerm_resource_group.quiz-rg"
          ]
        }
      ]
    },
    {
      "mode": "managed",
      "type": "azurerm_public_ip",
      "name": "quiz-ip",
      "provider": "provider[\"registry.terraform.io/hashicorp/azurerm\"]",
      "instances": [
        {
          "schema_version": 0,
          "attributes": {
            "allocation_method": "Dynamic",
            "domain_name_label": null,
            "edge_zone": "",
            "fqdn": null,
            "id": "/subscriptions/8ce04bc6-9751-4f3f-910c-ff2bcecc5689/resourceGroups/quiz-resources/providers/Microsoft.Network/publicIPAddresses/quiz-ip",
            "idle_timeout_in_minutes": 30,
            "ip_address": "20.247.115.196",
            "ip_tags": {},
            "ip_version": "IPv4",
            "location": "eastasia",
            "name": "quiz-ip",
            "public_ip_prefix_id": null,
            "resource_group_name": "quiz-resources",
            "reverse_fqdn": null,
            "sku": "Basic",
            "sku_tier": "Regional",
            "tags": {
              "environment": "dev"
            },
            "timeouts": null,
            "zones": []
          },
          "sensitive_attributes": [],
          "private": "eyJlMmJmYjczMC1lY2FhLTExZTYtOGY4OC0zNDM2M2JjN2M0YzAiOnsiY3JlYXRlIjoxODAwMDAwMDAwMDAwLCJkZWxldGUiOjE4MDAwMDAwMDAwMDAsInJlYWQiOjMwMDAwMDAwMDAwMCwidXBkYXRlIjoxODAwMDAwMDAwMDAwfX0=",
          "dependencies": [
            "azurerm_resource_group.quiz-rg"
          ]
        }
      ]
    },
    {
      "mode": "managed",
      "type": "azurerm_resource_group",
      "name": "quiz-rg",
      "provider": "provider[\"registry.terraform.io/hashicorp/azurerm\"]",
      "instances": [
        {
          "schema_version": 0,
          "attributes": {
            "id": "/subscriptions/8ce04bc6-9751-4f3f-910c-ff2bcecc5689/resourceGroups/quiz-resources",
            "location": "eastasia",
            "name": "quiz-resources",
            "tags": {
              "environment": "dev"
            },
            "timeouts": null
          },
          "sensitive_attributes": [],
          "private": "eyJlMmJmYjczMC1lY2FhLTExZTYtOGY4OC0zNDM2M2JjN2M0YzAiOnsiY3JlYXRlIjo1NDAwMDAwMDAwMDAwLCJkZWxldGUiOjU0MDAwMDAwMDAwMDAsInJlYWQiOjMwMDAwMDAwMDAwMCwidXBkYXRlIjo1NDAwMDAwMDAwMDAwfX0="
        }
      ]
    },
    {
      "mode": "managed",
      "type": "azurerm_subnet",
      "name": "quiz-subnet",
      "provider": "provider[\"registry.terraform.io/hashicorp/azurerm\"]",
      "instances": [
        {
          "schema_version": 0,
          "attributes": {
            "address_prefixes": [
              "10.123.1.0/24"
            ],
            "delegation": [],
            "enforce_private_link_endpoint_network_policies": false,
            "enforce_private_link_service_network_policies": false,
            "id": "/subscriptions/8ce04bc6-9751-4f3f-910c-ff2bcecc5689/resourceGroups/quiz-resources/providers/Microsoft.Network/virtualNetworks/quiz-network/subnets/quiz-subnet",
            "name": "quiz-subnet",
            "resource_group_name": "quiz-resources",
            "service_endpoint_policy_ids": [],
            "service_endpoints": [],
            "timeouts": null,
            "virtual_network_name": "quiz-network"
          },
          "sensitive_attributes": [],
          "private": "eyJlMmJmYjczMC1lY2FhLTExZTYtOGY4OC0zNDM2M2JjN2M0YzAiOnsiY3JlYXRlIjoxODAwMDAwMDAwMDAwLCJkZWxldGUiOjE4MDAwMDAwMDAwMDAsInJlYWQiOjMwMDAwMDAwMDAwMCwidXBkYXRlIjoxODAwMDAwMDAwMDAwfX0=",
          "dependencies": [
            "azurerm_resource_group.quiz-rg",
            "azurerm_virtual_network.quiz-vn"
          ]
        }
      ]
    },
    {
      "mode": "managed",
      "type": "azurerm_subnet_network_security_group_association",
      "name": "quiz-sga",
      "provider": "provider[\"registry.terraform.io/hashicorp/azurerm\"]",
      "instances": [
        {
          "schema_version": 0,
          "attributes": {
            "id": "/subscriptions/8ce04bc6-9751-4f3f-910c-ff2bcecc5689/resourceGroups/quiz-resources/providers/Microsoft.Network/virtualNetworks/quiz-network/subnets/quiz-subnet",
            "network_security_group_id": "/subscriptions/8ce04bc6-9751-4f3f-910c-ff2bcecc5689/resourceGroups/quiz-resources/providers/Microsoft.Network/networkSecurityGroups/quiz-sg",
            "subnet_id": "/subscriptions/8ce04bc6-9751-4f3f-910c-ff2bcecc5689/resourceGroups/quiz-resources/providers/Microsoft.Network/virtualNetworks/quiz-network/subnets/quiz-subnet",
            "timeouts": null
          },
          "sensitive_attributes": [],
          "private": "eyJlMmJmYjczMC1lY2FhLTExZTYtOGY4OC0zNDM2M2JjN2M0YzAiOnsiY3JlYXRlIjoxODAwMDAwMDAwMDAwLCJkZWxldGUiOjE4MDAwMDAwMDAwMDAsInJlYWQiOjMwMDAwMDAwMDAwMCwidXBkYXRlIjoxODAwMDAwMDAwMDAwfX0=",
          "dependencies": [
            "azurerm_network_security_group.quiz-sg",
            "azurerm_resource_group.quiz-rg",
            "azurerm_subnet.quiz-subnet",
            "azurerm_virtual_network.quiz-vn"
          ]
        }
      ]
    },
    {
      "mode": "managed",
      "type": "azurerm_virtual_network",
      "name": "quiz-vn",
      "provider": "provider[\"registry.terraform.io/hashicorp/azurerm\"]",
      "instances": [
        {
          "schema_version": 0,
          "attributes": {
            "address_space": [
              "10.123.0.0/16"
            ],
            "bgp_community": "",
            "ddos_protection_plan": [],
            "dns_servers": [],
            "edge_zone": "",
            "flow_timeout_in_minutes": 0,
            "guid": "1bb9b421-9a3f-4b32-b866-d94438ff22f9",
            "id": "/subscriptions/8ce04bc6-9751-4f3f-910c-ff2bcecc5689/resourceGroups/quiz-resources/providers/Microsoft.Network/virtualNetworks/quiz-network",
            "location": "eastasia",
            "name": "quiz-network",
            "resource_group_name": "quiz-resources",
            "subnet": [
              {
                "address_prefix": "10.123.1.0/24",
                "id": "/subscriptions/8ce04bc6-9751-4f3f-910c-ff2bcecc5689/resourceGroups/quiz-resources/providers/Microsoft.Network/virtualNetworks/quiz-network/subnets/quiz-subnet",
                "name": "quiz-subnet",
                "security_group": "/subscriptions/8ce04bc6-9751-4f3f-910c-ff2bcecc5689/resourceGroups/quiz-resources/providers/Microsoft.Network/networkSecurityGroups/quiz-sg"
              }
            ],
            "tags": {
              "environment": "dev"
            },
            "timeouts": null
          },
          "sensitive_attributes": [],
          "private": "eyJlMmJmYjczMC1lY2FhLTExZTYtOGY4OC0zNDM2M2JjN2M0YzAiOnsiY3JlYXRlIjoxODAwMDAwMDAwMDAwLCJkZWxldGUiOjE4MDAwMDAwMDAwMDAsInJlYWQiOjMwMDAwMDAwMDAwMCwidXBkYXRlIjoxODAwMDAwMDAwMDAwfX0=",
          "dependencies": [
            "azurerm_resource_group.quiz-rg"
          ]
        }
      ]
    }
  ],
  "check_results": null
}
